// !$*UTF8*$!
{
	archiveVersion = 1;
	classes = {
	};
	objectVersion = 50;
	objects = {

/* Begin PBXBuildFile section */
		2A31B18A23A7D8EF00937E49 /* AppDelegate.swift in Sources */ = {isa = PBXBuildFile; fileRef = 2A31B18923A7D8EF00937E49 /* AppDelegate.swift */; };
		2A31B18C23A7D8EF00937E49 /* SceneDelegate.swift in Sources */ = {isa = PBXBuildFile; fileRef = 2A31B18B23A7D8EF00937E49 /* SceneDelegate.swift */; };
		2A31B18E23A7D8EF00937E49 /* ViewController.swift in Sources */ = {isa = PBXBuildFile; fileRef = 2A31B18D23A7D8EF00937E49 /* ViewController.swift */; };
		2A31B19123A7D8EF00937E49 /* Main.storyboard in Resources */ = {isa = PBXBuildFile; fileRef = 2A31B18F23A7D8EF00937E49 /* Main.storyboard */; };
		2A31B19323A7D8F000937E49 /* Assets.xcassets in Resources */ = {isa = PBXBuildFile; fileRef = 2A31B19223A7D8F000937E49 /* Assets.xcassets */; };
		2A31B19623A7D8F000937E49 /* LaunchScreen.storyboard in Resources */ = {isa = PBXBuildFile; fileRef = 2A31B19423A7D8F000937E49 /* LaunchScreen.storyboard */; };
		2A31B1A523A7DC4900937E49 /* FormSection.swift in Sources */ = {isa = PBXBuildFile; fileRef = 2A31B1A423A7DC4900937E49 /* FormSection.swift */; };
		2A31B1A723A7DC8700937E49 /* FormRow.swift in Sources */ = {isa = PBXBuildFile; fileRef = 2A31B1A623A7DC8700937E49 /* FormRow.swift */; };
		2A31B1A923A7DD8200937E49 /* FormViewController.swift in Sources */ = {isa = PBXBuildFile; fileRef = 2A31B1A823A7DD8200937E49 /* FormViewController.swift */; };
		2A31B1AE23A8E52600937E49 /* FormTextCell.swift in Sources */ = {isa = PBXBuildFile; fileRef = 2A31B1AD23A8E52600937E49 /* FormTextCell.swift */; };
		2A31B1B123A8E6B300937E49 /* LoadableResource.swift in Sources */ = {isa = PBXBuildFile; fileRef = 2A31B1B023A8E6B300937E49 /* LoadableResource.swift */; };
		2A31B1B323A8E6F400937E49 /* NibFileOwnerLoadable.swift in Sources */ = {isa = PBXBuildFile; fileRef = 2A31B1B223A8E6F400937E49 /* NibFileOwnerLoadable.swift */; };
		2A31B1B523A8E9E500937E49 /* FormCell.swift in Sources */ = {isa = PBXBuildFile; fileRef = 2A31B1B423A8E9E500937E49 /* FormCell.swift */; };
		2A31B1B723A8EB7100937E49 /* FormTextCell.xib in Resources */ = {isa = PBXBuildFile; fileRef = 2A31B1B623A8EB7100937E49 /* FormTextCell.xib */; };
		2A31B1BA23A8F03000937E49 /* FormSwitchCell.swift in Sources */ = {isa = PBXBuildFile; fileRef = 2A31B1B823A8F03000937E49 /* FormSwitchCell.swift */; };
		2A31B1BB23A8F03000937E49 /* FormSwitchCell.xib in Resources */ = {isa = PBXBuildFile; fileRef = 2A31B1B923A8F03000937E49 /* FormSwitchCell.xib */; };
		2A31B1BD23A8F6D700937E49 /* ClassName.swift in Sources */ = {isa = PBXBuildFile; fileRef = 2A31B1BC23A8F6D700937E49 /* ClassName.swift */; };
		2A8E8C2E23AB82570020435D /* FormMutating.swift in Sources */ = {isa = PBXBuildFile; fileRef = 2A8E8C2D23AB82570020435D /* FormMutating.swift */; };
		2A8E8C3023AB9AA40020435D /* TestFormViewController.swift in Sources */ = {isa = PBXBuildFile; fileRef = 2A8E8C2F23AB9AA40020435D /* TestFormViewController.swift */; };
/* End PBXBuildFile section */

/* Begin PBXFileReference section */
		2A31B18623A7D8EF00937E49 /* Form.app */ = {isa = PBXFileReference; explicitFileType = wrapper.application; includeInIndex = 0; path = Form.app; sourceTree = BUILT_PRODUCTS_DIR; };
		2A31B18923A7D8EF00937E49 /* AppDelegate.swift */ = {isa = PBXFileReference; lastKnownFileType = sourcecode.swift; path = AppDelegate.swift; sourceTree = "<group>"; };
		2A31B18B23A7D8EF00937E49 /* SceneDelegate.swift */ = {isa = PBXFileReference; lastKnownFileType = sourcecode.swift; path = SceneDelegate.swift; sourceTree = "<group>"; };
		2A31B18D23A7D8EF00937E49 /* ViewController.swift */ = {isa = PBXFileReference; lastKnownFileType = sourcecode.swift; path = ViewController.swift; sourceTree = "<group>"; };
		2A31B19023A7D8EF00937E49 /* Base */ = {isa = PBXFileReference; lastKnownFileType = file.storyboard; name = Base; path = Base.lproj/Main.storyboard; sourceTree = "<group>"; };
		2A31B19223A7D8F000937E49 /* Assets.xcassets */ = {isa = PBXFileReference; lastKnownFileType = folder.assetcatalog; path = Assets.xcassets; sourceTree = "<group>"; };
		2A31B19523A7D8F000937E49 /* Base */ = {isa = PBXFileReference; lastKnownFileType = file.storyboard; name = Base; path = Base.lproj/LaunchScreen.storyboard; sourceTree = "<group>"; };
		2A31B19723A7D8F000937E49 /* Info.plist */ = {isa = PBXFileReference; lastKnownFileType = text.plist.xml; path = Info.plist; sourceTree = "<group>"; };
		2A31B1A423A7DC4900937E49 /* FormSection.swift */ = {isa = PBXFileReference; lastKnownFileType = sourcecode.swift; path = FormSection.swift; sourceTree = "<group>"; };
		2A31B1A623A7DC8700937E49 /* FormRow.swift */ = {isa = PBXFileReference; lastKnownFileType = sourcecode.swift; path = FormRow.swift; sourceTree = "<group>"; };
		2A31B1A823A7DD8200937E49 /* FormViewController.swift */ = {isa = PBXFileReference; lastKnownFileType = sourcecode.swift; path = FormViewController.swift; sourceTree = "<group>"; };
		2A31B1AD23A8E52600937E49 /* FormTextCell.swift */ = {isa = PBXFileReference; lastKnownFileType = sourcecode.swift; path = FormTextCell.swift; sourceTree = "<group>"; };
		2A31B1B023A8E6B300937E49 /* LoadableResource.swift */ = {isa = PBXFileReference; lastKnownFileType = sourcecode.swift; path = LoadableResource.swift; sourceTree = "<group>"; };
		2A31B1B223A8E6F400937E49 /* NibFileOwnerLoadable.swift */ = {isa = PBXFileReference; lastKnownFileType = sourcecode.swift; path = NibFileOwnerLoadable.swift; sourceTree = "<group>"; };
		2A31B1B423A8E9E500937E49 /* FormCell.swift */ = {isa = PBXFileReference; lastKnownFileType = sourcecode.swift; path = FormCell.swift; sourceTree = "<group>"; };
		2A31B1B623A8EB7100937E49 /* FormTextCell.xib */ = {isa = PBXFileReference; lastKnownFileType = file.xib; path = FormTextCell.xib; sourceTree = "<group>"; };
		2A31B1B823A8F03000937E49 /* FormSwitchCell.swift */ = {isa = PBXFileReference; lastKnownFileType = sourcecode.swift; path = FormSwitchCell.swift; sourceTree = "<group>"; };
		2A31B1B923A8F03000937E49 /* FormSwitchCell.xib */ = {isa = PBXFileReference; lastKnownFileType = file.xib; path = FormSwitchCell.xib; sourceTree = "<group>"; };
		2A31B1BC23A8F6D700937E49 /* ClassName.swift */ = {isa = PBXFileReference; lastKnownFileType = sourcecode.swift; path = ClassName.swift; sourceTree = "<group>"; };
		2A8E8C2D23AB82570020435D /* FormMutating.swift */ = {isa = PBXFileReference; lastKnownFileType = sourcecode.swift; path = FormMutating.swift; sourceTree = "<group>"; };
		2A8E8C2F23AB9AA40020435D /* TestFormViewController.swift */ = {isa = PBXFileReference; lastKnownFileType = sourcecode.swift; path = TestFormViewController.swift; sourceTree = "<group>"; };
/* End PBXFileReference section */

/* Begin PBXFrameworksBuildPhase section */
		2A31B18323A7D8EF00937E49 /* Frameworks */ = {
			isa = PBXFrameworksBuildPhase;
			buildActionMask = 2147483647;
			files = (
			);
			runOnlyForDeploymentPostprocessing = 0;
		};
/* End PBXFrameworksBuildPhase section */

/* Begin PBXGroup section */
		2A31B17D23A7D8EF00937E49 = {
			isa = PBXGroup;
			children = (
				2A31B18823A7D8EF00937E49 /* Form */,
				2A31B18723A7D8EF00937E49 /* Products */,
			);
			sourceTree = "<group>";
		};
		2A31B18723A7D8EF00937E49 /* Products */ = {
			isa = PBXGroup;
			children = (
				2A31B18623A7D8EF00937E49 /* Form.app */,
			);
			name = Products;
			sourceTree = "<group>";
		};
		2A31B18823A7D8EF00937E49 /* Form */ = {
			isa = PBXGroup;
			children = (
				2A31B19D23A7D90800937E49 /* Classes */,
				2A31B18923A7D8EF00937E49 /* AppDelegate.swift */,
				2A31B18B23A7D8EF00937E49 /* SceneDelegate.swift */,
				2A8E8C2F23AB9AA40020435D /* TestFormViewController.swift */,
				2A31B18D23A7D8EF00937E49 /* ViewController.swift */,
				2A31B18F23A7D8EF00937E49 /* Main.storyboard */,
				2A31B19223A7D8F000937E49 /* Assets.xcassets */,
				2A31B19423A7D8F000937E49 /* LaunchScreen.storyboard */,
				2A31B19723A7D8F000937E49 /* Info.plist */,
			);
			path = Form;
			sourceTree = "<group>";
		};
		2A31B19D23A7D90800937E49 /* Classes */ = {
			isa = PBXGroup;
			children = (
				2A31B1AF23A8E61100937E49 /* Misc */,
				2A31B1AA23A8E07100937E49 /* Cell */,
				2A31B1A423A7DC4900937E49 /* FormSection.swift */,
				2A31B1A623A7DC8700937E49 /* FormRow.swift */,
				2A31B1A823A7DD8200937E49 /* FormViewController.swift */,
				2A8E8C2D23AB82570020435D /* FormMutating.swift */,
			);
			path = Classes;
			sourceTree = "<group>";
		};
		2A31B1AA23A8E07100937E49 /* Cell */ = {
			isa = PBXGroup;
			children = (
				2A31B1B423A8E9E500937E49 /* FormCell.swift */,
				2A31B1AD23A8E52600937E49 /* FormTextCell.swift */,
				2A31B1B623A8EB7100937E49 /* FormTextCell.xib */,
				2A31B1B823A8F03000937E49 /* FormSwitchCell.swift */,
				2A31B1B923A8F03000937E49 /* FormSwitchCell.xib */,
			);
			path = Cell;
			sourceTree = "<group>";
		};
		2A31B1AF23A8E61100937E49 /* Misc */ = {
			isa = PBXGroup;
			children = (
				2A31B1B023A8E6B300937E49 /* LoadableResource.swift */,
				2A31B1B223A8E6F400937E49 /* NibFileOwnerLoadable.swift */,
				2A31B1BC23A8F6D700937E49 /* ClassName.swift */,
			);
			path = Misc;
			sourceTree = "<group>";
		};
/* End PBXGroup section */

/* Begin PBXNativeTarget section */
		2A31B18523A7D8EF00937E49 /* Form */ = {
			isa = PBXNativeTarget;
			buildConfigurationList = 2A31B19A23A7D8F000937E49 /* Build configuration list for PBXNativeTarget "Form" */;
			buildPhases = (
				2A31B18223A7D8EF00937E49 /* Sources */,
				2A31B18323A7D8EF00937E49 /* Frameworks */,
				2A31B18423A7D8EF00937E49 /* Resources */,
			);
			buildRules = (
			);
			dependencies = (
			);
			name = Form;
			productName = Form;
			productReference = 2A31B18623A7D8EF00937E49 /* Form.app */;
			productType = "com.apple.product-type.application";
		};
/* End PBXNativeTarget section */

/* Begin PBXProject section */
		2A31B17E23A7D8EF00937E49 /* Project object */ = {
			isa = PBXProject;
			attributes = {
				LastSwiftUpdateCheck = 1120;
				LastUpgradeCheck = 1120;
				ORGANIZATIONNAME = test;
				TargetAttributes = {
					2A31B18523A7D8EF00937E49 = {
						CreatedOnToolsVersion = 11.2.1;
					};
				};
			};
			buildConfigurationList = 2A31B18123A7D8EF00937E49 /* Build configuration list for PBXProject "Form" */;
			compatibilityVersion = "Xcode 9.3";
			developmentRegion = en;
			hasScannedForEncodings = 0;
			knownRegions = (
				en,
				Base,
			);
			mainGroup = 2A31B17D23A7D8EF00937E49;
			productRefGroup = 2A31B18723A7D8EF00937E49 /* Products */;
			projectDirPath = "";
			projectRoot = "";
			targets = (
				2A31B18523A7D8EF00937E49 /* Form */,
			);
		};
/* End PBXProject section */

/* Begin PBXResourcesBuildPhase section */
		2A31B18423A7D8EF00937E49 /* Resources */ = {
			isa = PBXResourcesBuildPhase;
			buildActionMask = 2147483647;
			files = (
				2A31B19623A7D8F000937E49 /* LaunchScreen.storyboard in Resources */,
				2A31B19323A7D8F000937E49 /* Assets.xcassets in Resources */,
				2A31B1B723A8EB7100937E49 /* FormTextCell.xib in Resources */,
				2A31B19123A7D8EF00937E49 /* Main.storyboard in Resources */,
				2A31B1BB23A8F03000937E49 /* FormSwitchCell.xib in Resources */,
			);
			runOnlyForDeploymentPostprocessing = 0;
		};
/* End PBXResourcesBuildPhase section */

/* Begin PBXSourcesBuildPhase section */
		2A31B18223A7D8EF00937E49 /* Sources */ = {
			isa = PBXSourcesBuildPhase;
			buildActionMask = 2147483647;
			files = (
				2A31B1BA23A8F03000937E49 /* FormSwitchCell.swift in Sources */,
				2A31B1B323A8E6F400937E49 /* NibFileOwnerLoadable.swift in Sources */,
				2A31B1A923A7DD8200937E49 /* FormViewController.swift in Sources */,
				2A31B18E23A7D8EF00937E49 /* ViewController.swift in Sources */,
				2A8E8C3023AB9AA40020435D /* TestFormViewController.swift in Sources */,
				2A8E8C2E23AB82570020435D /* FormMutating.swift in Sources */,
				2A31B18A23A7D8EF00937E49 /* AppDelegate.swift in Sources */,
				2A31B1BD23A8F6D700937E49 /* ClassName.swift in Sources */,
				2A31B1B523A8E9E500937E49 /* FormCell.swift in Sources */,
				2A31B1A723A7DC8700937E49 /* FormRow.swift in Sources */,
				2A31B1A523A7DC4900937E49 /* FormSection.swift in Sources */,
				2A31B1B123A8E6B300937E49 /* LoadableResource.swift in Sources */,
				2A31B1AE23A8E52600937E49 /* FormTextCell.swift in Sources */,
				2A31B18C23A7D8EF00937E49 /* SceneDelegate.swift in Sources */,
			);
			runOnlyForDeploymentPostprocessing = 0;
		};
/* End PBXSourcesBuildPhase section */

/* Begin PBXVariantGroup section */
		2A31B18F23A7D8EF00937E49 /* Main.storyboard */ = {
			isa = PBXVariantGroup;
			children = (
				2A31B19023A7D8EF00937E49 /* Base */,
			);
			name = Main.storyboard;
			sourceTree = "<group>";
		};
		2A31B19423A7D8F000937E49 /* LaunchScreen.storyboard */ = {
			isa = PBXVariantGroup;
			children = (
				2A31B19523A7D8F000937E49 /* Base */,
			);
			name = LaunchScreen.storyboard;
			sourceTree = "<group>";
		};
/* End PBXVariantGroup section */

/* Begin XCBuildConfiguration section */
		2A31B19823A7D8F000937E49 /* Debug */ = {
			isa = XCBuildConfiguration;
			buildSettings = {
				ALWAYS_SEARCH_USER_PATHS = NO;
				CLANG_ANALYZER_NONNULL = YES;
				CLANG_ANALYZER_NUMBER_OBJECT_CONVERSION = YES_AGGRESSIVE;
				CLANG_CXX_LANGUAGE_STANDARD = "gnu++14";
				CLANG_CXX_LIBRARY = "libc++";
				CLANG_ENABLE_MODULES = YES;
				CLANG_ENABLE_OBJC_ARC = YES;
				CLANG_ENABLE_OBJC_WEAK = YES;
				CLANG_WARN_BLOCK_CAPTURE_AUTORELEASING = YES;
				CLANG_WARN_BOOL_CONVERSION = YES;
				CLANG_WARN_COMMA = YES;
				CLANG_WARN_CONSTANT_CONVERSION = YES;
				CLANG_WARN_DEPRECATED_OBJC_IMPLEMENTATIONS = YES;
				CLANG_WARN_DIRECT_OBJC_ISA_USAGE = YES_ERROR;
				CLANG_WARN_DOCUMENTATION_COMMENTS = YES;
				CLANG_WARN_EMPTY_BODY = YES;
				CLANG_WARN_ENUM_CONVERSION = YES;
				CLANG_WARN_INFINITE_RECURSION = YES;
				CLANG_WARN_INT_CONVERSION = YES;
				CLANG_WARN_NON_LITERAL_NULL_CONVERSION = YES;
				CLANG_WARN_OBJC_IMPLICIT_RETAIN_SELF = YES;
				CLANG_WARN_OBJC_LITERAL_CONVERSION = YES;
				CLANG_WARN_OBJC_ROOT_CLASS = YES_ERROR;
				CLANG_WARN_RANGE_LOOP_ANALYSIS = YES;
				CLANG_WARN_STRICT_PROTOTYPES = YES;
				CLANG_WARN_SUSPICIOUS_MOVE = YES;
				CLANG_WARN_UNGUARDED_AVAILABILITY = YES_AGGRESSIVE;
				CLANG_WARN_UNREACHABLE_CODE = YES;
				CLANG_WARN__DUPLICATE_METHOD_MATCH = YES;
				COPY_PHASE_STRIP = NO;
				DEBUG_INFORMATION_FORMAT = dwarf;
				ENABLE_STRICT_OBJC_MSGSEND = YES;
				ENABLE_TESTABILITY = YES;
				GCC_C_LANGUAGE_STANDARD = gnu11;
				GCC_DYNAMIC_NO_PIC = NO;
				GCC_NO_COMMON_BLOCKS = YES;
				GCC_OPTIMIZATION_LEVEL = 0;
				GCC_PREPROCESSOR_DEFINITIONS = (
					"DEBUG=1",
					"$(inherited)",
				);
				GCC_WARN_64_TO_32_BIT_CONVERSION = YES;
				GCC_WARN_ABOUT_RETURN_TYPE = YES_ERROR;
				GCC_WARN_UNDECLARED_SELECTOR = YES;
				GCC_WARN_UNINITIALIZED_AUTOS = YES_AGGRESSIVE;
				GCC_WARN_UNUSED_FUNCTION = YES;
				GCC_WARN_UNUSED_VARIABLE = YES;
				IPHONEOS_DEPLOYMENT_TARGET = 13.2;
				MTL_ENABLE_DEBUG_INFO = INCLUDE_SOURCE;
				MTL_FAST_MATH = YES;
				ONLY_ACTIVE_ARCH = YES;
				SDKROOT = iphoneos;
				SWIFT_ACTIVE_COMPILATION_CONDITIONS = DEBUG;
				SWIFT_OPTIMIZATION_LEVEL = "-Onone";
			};
			name = Debug;
		};
		2A31B19923A7D8F000937E49 /* Release */ = {
			isa = XCBuildConfiguration;
			buildSettings = {
				ALWAYS_SEARCH_USER_PATHS = NO;
				CLANG_ANALYZER_NONNULL = YES;
				CLANG_ANALYZER_NUMBER_OBJECT_CONVERSION = YES_AGGRESSIVE;
				CLANG_CXX_LANGUAGE_STANDARD = "gnu++14";
				CLANG_CXX_LIBRARY = "libc++";
				CLANG_ENABLE_MODULES = YES;
				CLANG_ENABLE_OBJC_ARC = YES;
				CLANG_ENABLE_OBJC_WEAK = YES;
				CLANG_WARN_BLOCK_CAPTURE_AUTORELEASING = YES;
				CLANG_WARN_BOOL_CONVERSION = YES;
				CLANG_WARN_COMMA = YES;
				CLANG_WARN_CONSTANT_CONVERSION = YES;
				CLANG_WARN_DEPRECATED_OBJC_IMPLEMENTATIONS = YES;
				CLANG_WARN_DIRECT_OBJC_ISA_USAGE = YES_ERROR;
				CLANG_WARN_DOCUMENTATION_COMMENTS = YES;
				CLANG_WARN_EMPTY_BODY = YES;
				CLANG_WARN_ENUM_CONVERSION = YES;
				CLANG_WARN_INFINITE_RECURSION = YES;
				CLANG_WARN_INT_CONVERSION = YES;
				CLANG_WARN_NON_LITERAL_NULL_CONVERSION = YES;
				CLANG_WARN_OBJC_IMPLICIT_RETAIN_SELF = YES;
				CLANG_WARN_OBJC_LITERAL_CONVERSION = YES;
				CLANG_WARN_OBJC_ROOT_CLASS = YES_ERROR;
				CLANG_WARN_RANGE_LOOP_ANALYSIS = YES;
				CLANG_WARN_STRICT_PROTOTYPES = YES;
				CLANG_WARN_SUSPICIOUS_MOVE = YES;
				CLANG_WARN_UNGUARDED_AVAILABILITY = YES_AGGRESSIVE;
				CLANG_WARN_UNREACHABLE_CODE = YES;
				CLANG_WARN__DUPLICATE_METHOD_MATCH = YES;
				COPY_PHASE_STRIP = NO;
				DEBUG_INFORMATION_FORMAT = "dwarf-with-dsym";
				ENABLE_NS_ASSERTIONS = NO;
				ENABLE_STRICT_OBJC_MSGSEND = YES;
				GCC_C_LANGUAGE_STANDARD = gnu11;
				GCC_NO_COMMON_BLOCKS = YES;
				GCC_WARN_64_TO_32_BIT_CONVERSION = YES;
				GCC_WARN_ABOUT_RETURN_TYPE = YES_ERROR;
				GCC_WARN_UNDECLARED_SELECTOR = YES;
				GCC_WARN_UNINITIALIZED_AUTOS = YES_AGGRESSIVE;
				GCC_WARN_UNUSED_FUNCTION = YES;
				GCC_WARN_UNUSED_VARIABLE = YES;
				IPHONEOS_DEPLOYMENT_TARGET = 13.2;
				MTL_ENABLE_DEBUG_INFO = NO;
				MTL_FAST_MATH = YES;
				SDKROOT = iphoneos;
				SWIFT_COMPILATION_MODE = wholemodule;
				SWIFT_OPTIMIZATION_LEVEL = "-O";
				VALIDATE_PRODUCT = YES;
			};
			name = Release;
		};
		2A31B19B23A7D8F000937E49 /* Debug */ = {
			isa = XCBuildConfiguration;
			buildSettings = {
				ASSETCATALOG_COMPILER_APPICON_NAME = AppIcon;
				CODE_SIGN_STYLE = Automatic;
				INFOPLIST_FILE = Form/Info.plist;
				IPHONEOS_DEPLOYMENT_TARGET = 13.0;
				LD_RUNPATH_SEARCH_PATHS = (
					"$(inherited)",
					"@executable_path/Frameworks",
				);
				PRODUCT_BUNDLE_IDENTIFIER = com.test.Form;
				PRODUCT_NAME = "$(TARGET_NAME)";
				SWIFT_VERSION = 5.0;
				TARGETED_DEVICE_FAMILY = 1;
			};
			name = Debug;
		};
		2A31B19C23A7D8F000937E49 /* Release */ = {
			isa = XCBuildConfiguration;
			buildSettings = {
				ASSETCATALOG_COMPILER_APPICON_NAME = AppIcon;
				CODE_SIGN_STYLE = Automatic;
				INFOPLIST_FILE = Form/Info.plist;
				IPHONEOS_DEPLOYMENT_TARGET = 13.0;
				LD_RUNPATH_SEARCH_PATHS = (
					"$(inherited)",
					"@executable_path/Frameworks",
				);
				PRODUCT_BUNDLE_IDENTIFIER = com.test.Form;
				PRODUCT_NAME = "$(TARGET_NAME)";
				SWIFT_VERSION = 5.0;
				TARGETED_DEVICE_FAMILY = 1;
			};
			name = Release;
		};
/* End XCBuildConfiguration section */

/* Begin XCConfigurationList section */
		2A31B18123A7D8EF00937E49 /* Build configuration list for PBXProject "Form" */ = {
			isa = XCConfigurationList;
			buildConfigurations = (
				2A31B19823A7D8F000937E49 /* Debug */,
				2A31B19923A7D8F000937E49 /* Release */,
			);
			defaultConfigurationIsVisible = 0;
			defaultConfigurationName = Release;
		};
		2A31B19A23A7D8F000937E49 /* Build configuration list for PBXNativeTarget "Form" */ = {
			isa = XCConfigurationList;
			buildConfigurations = (
				2A31B19B23A7D8F000937E49 /* Debug */,
				2A31B19C23A7D8F000937E49 /* Release */,
			);
			defaultConfigurationIsVisible = 0;
			defaultConfigurationName = Release;
		};
/* End XCConfigurationList section */
	};
	rootObject = 2A31B17E23A7D8EF00937E49 /* Project object */;
}
